// !$*UTF8*$!
{
	archiveVersion = 1;
	classes = {
	};
	objectVersion = 46;
	objects = {

/* Begin PBXBuildFile section */
		15D835411B52AC4F008F6CD4 /* AppDelegate.swift in Sources */ = {isa = PBXBuildFile; fileRef = 15D835401B52AC4F008F6CD4 /* AppDelegate.swift */; };
		15D835431B52AC4F008F6CD4 /* ViewController.swift in Sources */ = {isa = PBXBuildFile; fileRef = 15D835421B52AC4F008F6CD4 /* ViewController.swift */; };
		15D835461B52AC4F008F6CD4 /* Main.storyboard in Resources */ = {isa = PBXBuildFile; fileRef = 15D835441B52AC4F008F6CD4 /* Main.storyboard */; };
		15D835481B52AC4F008F6CD4 /* Images.xcassets in Resources */ = {isa = PBXBuildFile; fileRef = 15D835471B52AC4F008F6CD4 /* Images.xcassets */; };
		15D8354B1B52AC4F008F6CD4 /* LaunchScreen.xib in Resources */ = {isa = PBXBuildFile; fileRef = 15D835491B52AC4F008F6CD4 /* LaunchScreen.xib */; };
		15D835571B52AC4F008F6CD4 /* SwiftAndObjectCTests.swift in Sources */ = {isa = PBXBuildFile; fileRef = 15D835561B52AC4F008F6CD4 /* SwiftAndObjectCTests.swift */; };
		15D835631B52ACB2008F6CD4 /* ObjectCFunc.m in Sources */ = {isa = PBXBuildFile; fileRef = 15D835621B52ACB2008F6CD4 /* ObjectCFunc.m */; };
		15D835651B52AF1E008F6CD4 /* SwiftFunc.swift in Sources */ = {isa = PBXBuildFile; fileRef = 15D835641B52AF1E008F6CD4 /* SwiftFunc.swift */; };
/* End PBXBuildFile section */

/* Begin PBXContainerItemProxy section */
		15D835511B52AC4F008F6CD4 /* PBXContainerItemProxy */ = {
			isa = PBXContainerItemProxy;
			containerPortal = 15D835331B52AC4F008F6CD4 /* Project object */;
			proxyType = 1;
			remoteGlobalIDString = 15D8353A1B52AC4F008F6CD4;
			remoteInfo = SwiftAndObjectC;
		};
/* End PBXContainerItemProxy section */

/* Begin PBXFileReference section */
		15D8353B1B52AC4F008F6CD4 /* SwiftAndObjectC.app */ = {isa = PBXFileReference; explicitFileType = wrapper.application; includeInIndex = 0; path = SwiftAndObjectC.app; sourceTree = BUILT_PRODUCTS_DIR; };
		15D8353F1B52AC4F008F6CD4 /* Info.plist */ = {isa = PBXFileReference; lastKnownFileType = text.plist.xml; path = Info.plist; sourceTree = "<group>"; };
		15D835401B52AC4F008F6CD4 /* AppDelegate.swift */ = {isa = PBXFileReference; lastKnownFileType = sourcecode.swift; path = AppDelegate.swift; sourceTree = "<group>"; };
		15D835421B52AC4F008F6CD4 /* ViewController.swift */ = {isa = PBXFileReference; lastKnownFileType = sourcecode.swift; path = ViewController.swift; sourceTree = "<group>"; };
		15D835451B52AC4F008F6CD4 /* Base */ = {isa = PBXFileReference; lastKnownFileType = file.storyboard; name = Base; path = Base.lproj/Main.storyboard; sourceTree = "<group>"; };
		15D835471B52AC4F008F6CD4 /* Images.xcassets */ = {isa = PBXFileReference; lastKnownFileType = folder.assetcatalog; path = Images.xcassets; sourceTree = "<group>"; };
		15D8354A1B52AC4F008F6CD4 /* Base */ = {isa = PBXFileReference; lastKnownFileType = file.xib; name = Base; path = Base.lproj/LaunchScreen.xib; sourceTree = "<group>"; };
		15D835501B52AC4F008F6CD4 /* SwiftAndObjectCTests.xctest */ = {isa = PBXFileReference; explicitFileType = wrapper.cfbundle; includeInIndex = 0; path = SwiftAndObjectCTests.xctest; sourceTree = BUILT_PRODUCTS_DIR; };
		15D835551B52AC4F008F6CD4 /* Info.plist */ = {isa = PBXFileReference; lastKnownFileType = text.plist.xml; path = Info.plist; sourceTree = "<group>"; };
		15D835561B52AC4F008F6CD4 /* SwiftAndObjectCTests.swift */ = {isa = PBXFileReference; lastKnownFileType = sourcecode.swift; path = SwiftAndObjectCTests.swift; sourceTree = "<group>"; };
		15D835601B52ACB2008F6CD4 /* SwiftAndObjectC-Bridging-Header.h */ = {isa = PBXFileReference; lastKnownFileType = sourcecode.c.h; path = "SwiftAndObjectC-Bridging-Header.h"; sourceTree = "<group>"; };
		15D835611B52ACB2008F6CD4 /* ObjectCFunc.h */ = {isa = PBXFileReference; fileEncoding = 4; lastKnownFileType = sourcecode.c.h; path = ObjectCFunc.h; sourceTree = "<group>"; };
		15D835621B52ACB2008F6CD4 /* ObjectCFunc.m */ = {isa = PBXFileReference; fileEncoding = 4; lastKnownFileType = sourcecode.c.objc; path = ObjectCFunc.m; sourceTree = "<group>"; };
		15D835641B52AF1E008F6CD4 /* SwiftFunc.swift */ = {isa = PBXFileReference; fileEncoding = 4; lastKnownFileType = sourcecode.swift; path = SwiftFunc.swift; sourceTree = "<group>"; };
/* End PBXFileReference section */

/* Begin PBXFrameworksBuildPhase section */
		15D835381B52AC4F008F6CD4 /* Frameworks */ = {
			isa = PBXFrameworksBuildPhase;
			buildActionMask = 2147483647;
			files = (
			);
			runOnlyForDeploymentPostprocessing = 0;
		};
		15D8354D1B52AC4F008F6CD4 /* Frameworks */ = {
			isa = PBXFrameworksBuildPhase;
			buildActionMask = 2147483647;
			files = (
			);
			runOnlyForDeploymentPostprocessing = 0;
		};
/* End PBXFrameworksBuildPhase section */

/* Begin PBXGroup section */
		15D835321B52AC4F008F6CD4 = {
			isa = PBXGroup;
			children = (
				15D8353D1B52AC4F008F6CD4 /* SwiftAndObjectC */,
				15D835531B52AC4F008F6CD4 /* SwiftAndObjectCTests */,
				15D8353C1B52AC4F008F6CD4 /* Products */,
			);
			sourceTree = "<group>";
		};
		15D8353C1B52AC4F008F6CD4 /* Products */ = {
			isa = PBXGroup;
			children = (
				15D8353B1B52AC4F008F6CD4 /* SwiftAndObjectC.app */,
				15D835501B52AC4F008F6CD4 /* SwiftAndObjectCTests.xctest */,
			);
			name = Products;
			sourceTree = "<group>";
		};
		15D8353D1B52AC4F008F6CD4 /* SwiftAndObjectC */ = {
			isa = PBXGroup;
			children = (
				15D835401B52AC4F008F6CD4 /* AppDelegate.swift */,
				15D835421B52AC4F008F6CD4 /* ViewController.swift */,
				15D835441B52AC4F008F6CD4 /* Main.storyboard */,
				15D835471B52AC4F008F6CD4 /* Images.xcassets */,
				15D835491B52AC4F008F6CD4 /* LaunchScreen.xib */,
				15D8353E1B52AC4F008F6CD4 /* Supporting Files */,
				15D835611B52ACB2008F6CD4 /* ObjectCFunc.h */,
				15D835621B52ACB2008F6CD4 /* ObjectCFunc.m */,
				15D835601B52ACB2008F6CD4 /* SwiftAndObjectC-Bridging-Header.h */,
				15D835641B52AF1E008F6CD4 /* SwiftFunc.swift */,
			);
			path = SwiftAndObjectC;
			sourceTree = "<group>";
		};
		15D8353E1B52AC4F008F6CD4 /* Supporting Files */ = {
			isa = PBXGroup;
			children = (
				15D8353F1B52AC4F008F6CD4 /* Info.plist */,
			);
			name = "Supporting Files";
			sourceTree = "<group>";
		};
		15D835531B52AC4F008F6CD4 /* SwiftAndObjectCTests */ = {
			isa = PBXGroup;
			children = (
				15D835561B52AC4F008F6CD4 /* SwiftAndObjectCTests.swift */,
				15D835541B52AC4F008F6CD4 /* Supporting Files */,
			);
			path = SwiftAndObjectCTests;
			sourceTree = "<group>";
		};
		15D835541B52AC4F008F6CD4 /* Supporting Files */ = {
			isa = PBXGroup;
			children = (
				15D835551B52AC4F008F6CD4 /* Info.plist */,
			);
			name = "Supporting Files";
			sourceTree = "<group>";
		};
/* End PBXGroup section */

/* Begin PBXNativeTarget section */
		15D8353A1B52AC4F008F6CD4 /* SwiftAndObjectC */ = {
			isa = PBXNativeTarget;
			buildConfigurationList = 15D8355A1B52AC4F008F6CD4 /* Build configuration list for PBXNativeTarget "SwiftAndObjectC" */;
			buildPhases = (
				15D835371B52AC4F008F6CD4 /* Sources */,
				15D835381B52AC4F008F6CD4 /* Frameworks */,
				15D835391B52AC4F008F6CD4 /* Resources */,
			);
			buildRules = (
			);
			dependencies = (
			);
			name = SwiftAndObjectC;
			productName = SwiftAndObjectC;
			productReference = 15D8353B1B52AC4F008F6CD4 /* SwiftAndObjectC.app */;
			productType = "com.apple.product-type.application";
		};
		15D8354F1B52AC4F008F6CD4 /* SwiftAndObjectCTests */ = {
			isa = PBXNativeTarget;
			buildConfigurationList = 15D8355D1B52AC4F008F6CD4 /* Build configuration list for PBXNativeTarget "SwiftAndObjectCTests" */;
			buildPhases = (
				15D8354C1B52AC4F008F6CD4 /* Sources */,
				15D8354D1B52AC4F008F6CD4 /* Frameworks */,
				15D8354E1B52AC4F008F6CD4 /* Resources */,
			);
			buildRules = (
			);
			dependencies = (
				15D835521B52AC4F008F6CD4 /* PBXTargetDependency */,
			);
			name = SwiftAndObjectCTests;
			productName = SwiftAndObjectCTests;
			productReference = 15D835501B52AC4F008F6CD4 /* SwiftAndObjectCTests.xctest */;
			productType = "com.apple.product-type.bundle.unit-test";
		};
/* End PBXNativeTarget section */

/* Begin PBXProject section */
		15D835331B52AC4F008F6CD4 /* Project object */ = {
			isa = PBXProject;
			attributes = {
				LastUpgradeCheck = 0640;
				ORGANIZATIONNAME = jmdkina;
				TargetAttributes = {
					15D8353A1B52AC4F008F6CD4 = {
						CreatedOnToolsVersion = 6.4;
					};
					15D8354F1B52AC4F008F6CD4 = {
						CreatedOnToolsVersion = 6.4;
						TestTargetID = 15D8353A1B52AC4F008F6CD4;
					};
				};
			};
			buildConfigurationList = 15D835361B52AC4F008F6CD4 /* Build configuration list for PBXProject "SwiftAndObjectC" */;
			compatibilityVersion = "Xcode 3.2";
			developmentRegion = English;
			hasScannedForEncodings = 0;
			knownRegions = (
				en,
				Base,
			);
			mainGroup = 15D835321B52AC4F008F6CD4;
			productRefGroup = 15D8353C1B52AC4F008F6CD4 /* Products */;
			projectDirPath = "";
			projectRoot = "";
			targets = (
				15D8353A1B52AC4F008F6CD4 /* SwiftAndObjectC */,
				15D8354F1B52AC4F008F6CD4 /* SwiftAndObjectCTests */,
			);
		};
/* End PBXProject section */

/* Begin PBXResourcesBuildPhase section */
		15D835391B52AC4F008F6CD4 /* Resources */ = {
			isa = PBXResourcesBuildPhase;
			buildActionMask = 2147483647;
			files = (
				15D835461B52AC4F008F6CD4 /* Main.storyboard in Resources */,
				15D8354B1B52AC4F008F6CD4 /* LaunchScreen.xib in Resources */,
				15D835481B52AC4F008F6CD4 /* Images.xcassets in Resources */,
			);
			runOnlyForDeploymentPostprocessing = 0;
		};
		15D8354E1B52AC4F008F6CD4 /* Resources */ = {
			isa = PBXResourcesBuildPhase;
			buildActionMask = 2147483647;
			files = (
			);
			runOnlyForDeploymentPostprocessing = 0;
		};
/* End PBXResourcesBuildPhase section */

/* Begin PBXSourcesBuildPhase section */
		15D835371B52AC4F008F6CD4 /* Sources */ = {
			isa = PBXSourcesBuildPhase;
			buildActionMask = 2147483647;
			files = (
				15D835431B52AC4F008F6CD4 /* ViewController.swift in Sources */,
				15D835631B52ACB2008F6CD4 /* ObjectCFunc.m in Sources */,
				15D835411B52AC4F008F6CD4 /* AppDelegate.swift in Sources */,
				15D835651B52AF1E008F6CD4 /* SwiftFunc.swift in Sources */,
			);
			runOnlyForDeploymentPostprocessing = 0;
		};
		15D8354C1B52AC4F008F6CD4 /* Sources */ = {
			isa = PBXSourcesBuildPhase;
			buildActionMask = 2147483647;
			files = (
				15D835571B52AC4F008F6CD4 /* SwiftAndObjectCTests.swift in Sources */,
			);
			runOnlyForDeploymentPostprocessing = 0;
		};
/* End PBXSourcesBuildPhase section */

/* Begin PBXTargetDependency section */
		15D835521B52AC4F008F6CD4 /* PBXTargetDependency */ = {
			isa = PBXTargetDependency;
			target = 15D8353A1B52AC4F008F6CD4 /* SwiftAndObjectC */;
			targetProxy = 15D835511B52AC4F008F6CD4 /* PBXContainerItemProxy */;
		};
/* End PBXTargetDependency section */

/* Begin PBXVariantGroup section */
		15D835441B52AC4F008F6CD4 /* Main.storyboard */ = {
			isa = PBXVariantGroup;
			children = (
				15D835451B52AC4F008F6CD4 /* Base */,
			);
			name = Main.storyboard;
			sourceTree = "<group>";
		};
		15D835491B52AC4F008F6CD4 /* LaunchScreen.xib */ = {
			isa = PBXVariantGroup;
			children = (
				15D8354A1B52AC4F008F6CD4 /* Base */,
			);
			name = LaunchScreen.xib;
			sourceTree = "<group>";
		};
/* End PBXVariantGroup section */

/* Begin XCBuildConfiguration section */
		15D835581B52AC4F008F6CD4 /* Debug */ = {
			isa = XCBuildConfiguration;
			buildSettings = {
				ALWAYS_SEARCH_USER_PATHS = NO;
				CLANG_CXX_LANGUAGE_STANDARD = "gnu++0x";
				CLANG_CXX_LIBRARY = "libc++";
				CLANG_ENABLE_MODULES = YES;
				CLANG_ENABLE_OBJC_ARC = YES;
				CLANG_WARN_BOOL_CONVERSION = YES;
				CLANG_WARN_CONSTANT_CONVERSION = YES;
				CLANG_WARN_DIRECT_OBJC_ISA_USAGE = YES_ERROR;
				CLANG_WARN_EMPTY_BODY = YES;
				CLANG_WARN_ENUM_CONVERSION = YES;
				CLANG_WARN_INT_CONVERSION = YES;
				CLANG_WARN_OBJC_ROOT_CLASS = YES_ERROR;
				CLANG_WARN_UNREACHABLE_CODE = YES;
				CLANG_WARN__DUPLICATE_METHOD_MATCH = YES;
				"CODE_SIGN_IDENTITY[sdk=iphoneos*]" = "iPhone Developer";
				COPY_PHASE_STRIP = NO;
				DEBUG_INFORMATION_FORMAT = "dwarf-with-dsym";
				ENABLE_STRICT_OBJC_MSGSEND = YES;
				GCC_C_LANGUAGE_STANDARD = gnu99;
				GCC_DYNAMIC_NO_PIC = NO;
				GCC_NO_COMMON_BLOCKS = YES;
				GCC_OPTIMIZATION_LEVEL = 0;
				GCC_PREPROCESSOR_DEFINITIONS = (
					"DEBUG=1",
					"$(inherited)",
				);
				GCC_SYMBOLS_PRIVATE_EXTERN = NO;
				GCC_WARN_64_TO_32_BIT_CONVERSION = YES;
				GCC_WARN_ABOUT_RETURN_TYPE = YES_ERROR;
				GCC_WARN_UNDECLARED_SELECTOR = YES;
				GCC_WARN_UNINITIALIZED_AUTOS = YES_AGGRESSIVE;
				GCC_WARN_UNUSED_FUNCTION = YES;
				GCC_WARN_UNUSED_VARIABLE = YES;
				IPHONEOS_DEPLOYMENT_TARGET = 8.4;
				MTL_ENABLE_DEBUG_INFO = YES;
				ONLY_ACTIVE_ARCH = YES;
				SDKROOT = iphoneos;
				SWIFT_OPTIMIZATION_LEVEL = "-Onone";
				TARGETED_DEVICE_FAMILY = "1,2";
			};
			name = Debug;
		};
		15D835591B52AC4F008F6CD4 /* Release */ = {
			isa = XCBuildConfiguration;
			buildSettings = {
				ALWAYS_SEARCH_USER_PATHS = NO;
				CLANG_CXX_LANGUAGE_STANDARD = "gnu++0x";
				CLANG_CXX_LIBRARY = "libc++";
				CLANG_ENABLE_MODULES = YES;
				CLANG_ENABLE_OBJC_ARC = YES;
				CLANG_WARN_BOOL_CONVERSION = YES;
				CLANG_WARN_CONSTANT_CONVERSION = YES;
				CLANG_WARN_DIRECT_OBJC_ISA_USAGE = YES_ERROR;
				CLANG_WARN_EMPTY_BODY = YES;
				CLANG_WARN_ENUM_CONVERSION = YES;
				CLANG_WARN_INT_CONVERSION = YES;
				CLANG_WARN_OBJC_ROOT_CLASS = YES_ERROR;
				CLANG_WARN_UNREACHABLE_CODE = YES;
				CLANG_WARN__DUPLICATE_METHOD_MATCH = YES;
				"CODE_SIGN_IDENTITY[sdk=iphoneos*]" = "iPhone Developer";
				COPY_PHASE_STRIP = NO;
				DEBUG_INFORMATION_FORMAT = "dwarf-with-dsym";
				ENABLE_NS_ASSERTIONS = NO;
				ENABLE_STRICT_OBJC_MSGSEND = YES;
				GCC_C_LANGUAGE_STANDARD = gnu99;
				GCC_NO_COMMON_BLOCKS = YES;
				GCC_WARN_64_TO_32_BIT_CONVERSION = YES;
				GCC_WARN_ABOUT_RETURN_TYPE = YES_ERROR;
				GCC_WARN_UNDECLARED_SELECTOR = YES;
				GCC_WARN_UNINITIALIZED_AUTOS = YES_AGGRESSIVE;
				GCC_WARN_UNUSED_FUNCTION = YES;
				GCC_WARN_UNUSED_VARIABLE = YES;
				IPHONEOS_DEPLOYMENT_TARGET = 8.4;
				MTL_ENABLE_DEBUG_INFO = NO;
				SDKROOT = iphoneos;
				TARGETED_DEVICE_FAMILY = "1,2";
				VALIDATE_PRODUCT = YES;
			};
			name = Release;
		};
		15D8355B1B52AC4F008F6CD4 /* Debug */ = {
			isa = XCBuildConfiguration;
			buildSettings = {
				ASSETCATALOG_COMPILER_APPICON_NAME = AppIcon;
				CLANG_ENABLE_MODULES = YES;
				DEFINES_MODULE = YES;
				INFOPLIST_FILE = SwiftAndObjectC/Info.plist;
				LD_RUNPATH_SEARCH_PATHS = "$(inherited) @executable_path/Frameworks";
				PRODUCT_NAME = "$(TARGET_NAME)";
				SWIFT_OBJC_BRIDGING_HEADER = "SwiftAndObjectC/SwiftAndObjectC-Bridging-Header.h";
				SWIFT_OPTIMIZATION_LEVEL = "-Onone";
			};
			name = Debug;
		};
		15D8355C1B52AC4F008F6CD4 /* Release */ = {
			isa = XCBuildConfiguration;
			buildSettings = {
				ASSETCATALOG_COMPILER_APPICON_NAME = AppIcon;
				CLANG_ENABLE_MODULES = YES;
				DEFINES_MODULE = YES;
				INFOPLIST_FILE = SwiftAndObjectC/Info.plist;
				LD_RUNPATH_SEARCH_PATHS = "$(inherited) @executable_path/Frameworks";
				PRODUCT_NAME = "$(TARGET_NAME)";
				SWIFT_OBJC_BRIDGING_HEADER = "SwiftAndObjectC/SwiftAndObjectC-Bridging-Header.h";
			};
			name = Release;
		};
		15D8355E1B52AC4F008F6CD4 /* Debug */ = {
			isa = XCBuildConfiguration;
			buildSettings = {
				BUNDLE_LOADER = "$(TEST_HOST)";
				FRAMEWORK_SEARCH_PATHS = (
					"$(SDKROOT)/Developer/Library/Frameworks",
					"$(inherited)",
				);
				GCC_PREPROCESSOR_DEFINITIONS = (
					"DEBUG=1",
					"$(inherited)",
				);
				INFOPLIST_FILE = SwiftAndObjectCTests/Info.plist;
				LD_RUNPATH_SEARCH_PATHS = "$(inherited) @executable_path/Frameworks @loader_path/Frameworks";
				PRODUCT_NAME = "$(TARGET_NAME)";
				TEST_HOST = "$(BUILT_PRODUCTS_DIR)/SwiftAndObjectC.app/SwiftAndObjectC";
			};
			name = Debug;
		};
		15D8355F1B52AC4F008F6CD4 /* Release */ = {
			isa = XCBuildConfiguration;
			buildSettings = {
				BUNDLE_LOADER = "$(TEST_HOST)";
				FRAMEWORK_SEARCH_PATHS = (
					"$(SDKROOT)/Developer/Library/Frameworks",
					"$(inherited)",
				);
				INFOPLIST_FILE = SwiftAndObjectCTests/Info.plist;
				LD_RUNPATH_SEARCH_PATHS = "$(inherited) @executable_path/Frameworks @loader_path/Frameworks";
				PRODUCT_NAME = "$(TARGET_NAME)";
				TEST_HOST = "$(BUILT_PRODUCTS_DIR)/SwiftAndObjectC.app/SwiftAndObjectC";
			};
			name = Release;
		};
/* End XCBuildConfiguration section */

/* Begin XCConfigurationList section */
		15D835361B52AC4F008F6CD4 /* Build configuration list for PBXProject "SwiftAndObjectC" */ = {
			isa = XCConfigurationList;
			buildConfigurations = (
				15D835581B52AC4F008F6CD4 /* Debug */,
				15D835591B52AC4F008F6CD4 /* Release */,
			);
			defaultConfigurationIsVisible = 0;
			defaultConfigurationName = Release;
		};
		15D8355A1B52AC4F008F6CD4 /* Build configuration list for PBXNativeTarget "SwiftAndObjectC" */ = {
			isa = XCConfigurationList;
			buildConfigurations = (
				15D8355B1B52AC4F008F6CD4 /* Debug */,
				15D8355C1B52AC4F008F6CD4 /* Release */,
			);
			defaultConfigurationIsVisible = 0;
		};
		15D8355D1B52AC4F008F6CD4 /* Build configuration list for PBXNativeTarget "SwiftAndObjectCTests" */ = {
			isa = XCConfigurationList;
			buildConfigurations = (
				15D8355E1B52AC4F008F6CD4 /* Debug */,
				15D8355F1B52AC4F008F6CD4 /* Release */,
			);
			defaultConfigurationIsVisible = 0;
		};
/* End XCConfigurationList section */
	};
	rootObject = 15D835331B52AC4F008F6CD4 /* Project object */;
}
